
Microsoft Visual Studio Solution File, Format Version 12.00
# Visual Studio Version 17
VisualStudioVersion = 17.13.35828.75 d17.13
MinimumVisualStudioVersion = 10.0.40219.1
Project("{FAE04EC0-301F-11D3-BF4B-00C04F79EFBC}") = "TestTest", "TestTest.csproj", "{4673A56C-8BED-40A8-A412-0498A33126D5}"
EndProject
Global
	GlobalSection(SolutionConfigurationPlatforms) = preSolution
		Debug|Any CPU = Debug|Any CPU
		Release|Any CPU = Release|Any CPU
	EndGlobalSection
	GlobalSection(ProjectConfigurationPlatforms) = postSolution
		{4673A56C-8BED-40A8-A412-0498A33126D5}.Debug|Any CPU.ActiveCfg = Debug|Any CPU
		{4673A56C-8BED-40A8-A412-0498A33126D5}.Debug|Any CPU.Build.0 = Debug|Any CPU
		{4673A56C-8BED-40A8-A412-0498A33126D5}.Release|Any CPU.ActiveCfg = Release|Any CPU
		{4673A56C-8BED-40A8-A412-0498A33126D5}.Release|Any CPU.Build.0 = Release|Any CPU
	EndGlobalSection
	GlobalSection(SolutionProperties) = preSolution
		HideSolutionNode = FALSE
	EndGlobalSection
	GlobalSection(ExtensibilityGlobals) = postSolution
		SolutionGuid = {779DAA30-4F9A-4F7E-A6A5-E0AEF7BA081B}
	EndGlobalSection
EndGlobal
